// !$*UTF8*$!
{
	archiveVersion = 1;
	classes = {
	};
	objectVersion = 56;
	objects = {

/* Begin PBXBuildFile section */
		C7104B662C62439F00F87034 /* Spar_Intern_TaskApp.swift in Sources */ = {isa = PBXBuildFile; fileRef = C7104B652C62439F00F87034 /* Spar_Intern_TaskApp.swift */; };
		C7104B682C62439F00F87034 /* ContentView.swift in Sources */ = {isa = PBXBuildFile; fileRef = C7104B672C62439F00F87034 /* ContentView.swift */; };
		C7104B6A2C6243A000F87034 /* Assets.xcassets in Resources */ = {isa = PBXBuildFile; fileRef = C7104B692C6243A000F87034 /* Assets.xcassets */; };
		C7104B6D2C6243A000F87034 /* Preview Assets.xcassets in Resources */ = {isa = PBXBuildFile; fileRef = C7104B6C2C6243A000F87034 /* Preview Assets.xcassets */; };
		C7104B792C63A37100F87034 /* FoodProduct.swift in Sources */ = {isa = PBXBuildFile; fileRef = C7104B782C63A37100F87034 /* FoodProduct.swift */; };
		C7104B7C2C63A92B00F87034 /* FoodCardView.swift in Sources */ = {isa = PBXBuildFile; fileRef = C7104B7B2C63A92B00F87034 /* FoodCardView.swift */; };
		C7104B7E2C63FBF100F87034 /* RatingView.swift in Sources */ = {isa = PBXBuildFile; fileRef = C7104B7D2C63FBF100F87034 /* RatingView.swift */; };
		C7104B802C63FD0900F87034 /* DescriptionView.swift in Sources */ = {isa = PBXBuildFile; fileRef = C7104B7F2C63FD0900F87034 /* DescriptionView.swift */; };
		C7104B822C63FDAD00F87034 /* ActionListView.swift in Sources */ = {isa = PBXBuildFile; fileRef = C7104B812C63FDAD00F87034 /* ActionListView.swift */; };
		C7104B842C63FE2500F87034 /* PriceView.swift in Sources */ = {isa = PBXBuildFile; fileRef = C7104B832C63FE2500F87034 /* PriceView.swift */; };
		C7104B862C63FF5C00F87034 /* AddToCartButtonView.swift in Sources */ = {isa = PBXBuildFile; fileRef = C7104B852C63FF5C00F87034 /* AddToCartButtonView.swift */; };
		C7104B882C64004900F87034 /* CardImageView.swift in Sources */ = {isa = PBXBuildFile; fileRef = C7104B872C64004900F87034 /* CardImageView.swift */; };
		C7104B8A2C6400A400F87034 /* CardContentView.swift in Sources */ = {isa = PBXBuildFile; fileRef = C7104B892C6400A400F87034 /* CardContentView.swift */; };
		C7104B8D2C641ADA00F87034 /* BadgeView.swift in Sources */ = {isa = PBXBuildFile; fileRef = C7104B8C2C641ADA00F87034 /* BadgeView.swift */; };
		C7104B8F2C641B7600F87034 /* Badge.swift in Sources */ = {isa = PBXBuildFile; fileRef = C7104B8E2C641B7600F87034 /* Badge.swift */; };
		C7104B912C6424AE00F87034 /* QuantityTypePickerView.swift in Sources */ = {isa = PBXBuildFile; fileRef = C7104B902C6424AE00F87034 /* QuantityTypePickerView.swift */; };
		C7104B932C64278D00F87034 /* QuantityPickerView.swift in Sources */ = {isa = PBXBuildFile; fileRef = C7104B922C64278D00F87034 /* QuantityPickerView.swift */; };
		C7104B952C642E2F00F87034 /* QuantityType.swift in Sources */ = {isa = PBXBuildFile; fileRef = C7104B942C642E2F00F87034 /* QuantityType.swift */; };
/* End PBXBuildFile section */

/* Begin PBXFileReference section */
		C7104B622C62439E00F87034 /* Spar Intern Task.app */ = {isa = PBXFileReference; explicitFileType = wrapper.application; includeInIndex = 0; path = "Spar Intern Task.app"; sourceTree = BUILT_PRODUCTS_DIR; };
		C7104B652C62439F00F87034 /* Spar_Intern_TaskApp.swift */ = {isa = PBXFileReference; lastKnownFileType = sourcecode.swift; path = Spar_Intern_TaskApp.swift; sourceTree = "<group>"; };
		C7104B672C62439F00F87034 /* ContentView.swift */ = {isa = PBXFileReference; lastKnownFileType = sourcecode.swift; path = ContentView.swift; sourceTree = "<group>"; };
		C7104B692C6243A000F87034 /* Assets.xcassets */ = {isa = PBXFileReference; lastKnownFileType = folder.assetcatalog; path = Assets.xcassets; sourceTree = "<group>"; };
		C7104B6C2C6243A000F87034 /* Preview Assets.xcassets */ = {isa = PBXFileReference; lastKnownFileType = folder.assetcatalog; path = "Preview Assets.xcassets"; sourceTree = "<group>"; };
		C7104B782C63A37100F87034 /* FoodProduct.swift */ = {isa = PBXFileReference; lastKnownFileType = sourcecode.swift; path = FoodProduct.swift; sourceTree = "<group>"; };
		C7104B7B2C63A92B00F87034 /* FoodCardView.swift */ = {isa = PBXFileReference; lastKnownFileType = sourcecode.swift; path = FoodCardView.swift; sourceTree = "<group>"; };
		C7104B7D2C63FBF100F87034 /* RatingView.swift */ = {isa = PBXFileReference; lastKnownFileType = sourcecode.swift; path = RatingView.swift; sourceTree = "<group>"; };
		C7104B7F2C63FD0900F87034 /* DescriptionView.swift */ = {isa = PBXFileReference; lastKnownFileType = sourcecode.swift; path = DescriptionView.swift; sourceTree = "<group>"; };
		C7104B812C63FDAD00F87034 /* ActionListView.swift */ = {isa = PBXFileReference; lastKnownFileType = sourcecode.swift; path = ActionListView.swift; sourceTree = "<group>"; };
		C7104B832C63FE2500F87034 /* PriceView.swift */ = {isa = PBXFileReference; lastKnownFileType = sourcecode.swift; path = PriceView.swift; sourceTree = "<group>"; };
		C7104B852C63FF5C00F87034 /* AddToCartButtonView.swift */ = {isa = PBXFileReference; lastKnownFileType = sourcecode.swift; path = AddToCartButtonView.swift; sourceTree = "<group>"; };
		C7104B872C64004900F87034 /* CardImageView.swift */ = {isa = PBXFileReference; lastKnownFileType = sourcecode.swift; path = CardImageView.swift; sourceTree = "<group>"; };
		C7104B892C6400A400F87034 /* CardContentView.swift */ = {isa = PBXFileReference; lastKnownFileType = sourcecode.swift; path = CardContentView.swift; sourceTree = "<group>"; };
		C7104B8C2C641ADA00F87034 /* BadgeView.swift */ = {isa = PBXFileReference; lastKnownFileType = sourcecode.swift; path = BadgeView.swift; sourceTree = "<group>"; };
		C7104B8E2C641B7600F87034 /* Badge.swift */ = {isa = PBXFileReference; lastKnownFileType = sourcecode.swift; path = Badge.swift; sourceTree = "<group>"; };
		C7104B902C6424AE00F87034 /* QuantityTypePickerView.swift */ = {isa = PBXFileReference; lastKnownFileType = sourcecode.swift; path = QuantityTypePickerView.swift; sourceTree = "<group>"; };
		C7104B922C64278D00F87034 /* QuantityPickerView.swift */ = {isa = PBXFileReference; lastKnownFileType = sourcecode.swift; path = QuantityPickerView.swift; sourceTree = "<group>"; };
		C7104B942C642E2F00F87034 /* QuantityType.swift */ = {isa = PBXFileReference; lastKnownFileType = sourcecode.swift; path = QuantityType.swift; sourceTree = "<group>"; };
/* End PBXFileReference section */

/* Begin PBXFrameworksBuildPhase section */
		C7104B5F2C62439E00F87034 /* Frameworks */ = {
			isa = PBXFrameworksBuildPhase;
			buildActionMask = 2147483647;
			files = (
			);
			runOnlyForDeploymentPostprocessing = 0;
		};
/* End PBXFrameworksBuildPhase section */

/* Begin PBXGroup section */
		C7104B592C62439E00F87034 = {
			isa = PBXGroup;
			children = (
				C7104B642C62439F00F87034 /* Spar Intern Task */,
				C7104B632C62439E00F87034 /* Products */,
			);
			sourceTree = "<group>";
		};
		C7104B632C62439E00F87034 /* Products */ = {
			isa = PBXGroup;
			children = (
				C7104B622C62439E00F87034 /* Spar Intern Task.app */,
			);
			name = Products;
			sourceTree = "<group>";
		};
		C7104B642C62439F00F87034 /* Spar Intern Task */ = {
			isa = PBXGroup;
			children = (
				C7104B652C62439F00F87034 /* Spar_Intern_TaskApp.swift */,
				C7104B692C6243A000F87034 /* Assets.xcassets */,
				C7104B6B2C6243A000F87034 /* Preview Content */,
				C7104B7A2C63A37600F87034 /* Models */,
				C7104B8B2C64012F00F87034 /* Views */,
			);
			path = "Spar Intern Task";
			sourceTree = "<group>";
		};
		C7104B6B2C6243A000F87034 /* Preview Content */ = {
			isa = PBXGroup;
			children = (
				C7104B6C2C6243A000F87034 /* Preview Assets.xcassets */,
			);
			path = "Preview Content";
			sourceTree = "<group>";
		};
		C7104B7A2C63A37600F87034 /* Models */ = {
			isa = PBXGroup;
			children = (
				C7104B782C63A37100F87034 /* FoodProduct.swift */,
				C7104B8E2C641B7600F87034 /* Badge.swift */,
				C7104B942C642E2F00F87034 /* QuantityType.swift */,
			);
			path = Models;
			sourceTree = "<group>";
		};
		C7104B8B2C64012F00F87034 /* Views */ = {
			isa = PBXGroup;
			children = (
				C7104B672C62439F00F87034 /* ContentView.swift */,
				C7104B7B2C63A92B00F87034 /* FoodCardView.swift */,
				C7104B7D2C63FBF100F87034 /* RatingView.swift */,
				C7104B7F2C63FD0900F87034 /* DescriptionView.swift */,
				C7104B812C63FDAD00F87034 /* ActionListView.swift */,
				C7104B832C63FE2500F87034 /* PriceView.swift */,
				C7104B852C63FF5C00F87034 /* AddToCartButtonView.swift */,
				C7104B872C64004900F87034 /* CardImageView.swift */,
				C7104B892C6400A400F87034 /* CardContentView.swift */,
				C7104B8C2C641ADA00F87034 /* BadgeView.swift */,
				C7104B902C6424AE00F87034 /* QuantityTypePickerView.swift */,
				C7104B922C64278D00F87034 /* QuantityPickerView.swift */,
			);
			path = Views;
			sourceTree = "<group>";
		};
/* End PBXGroup section */

/* Begin PBXNativeTarget section */
		C7104B612C62439E00F87034 /* Spar Intern Task */ = {
			isa = PBXNativeTarget;
			buildConfigurationList = C7104B702C6243A000F87034 /* Build configuration list for PBXNativeTarget "Spar Intern Task" */;
			buildPhases = (
				C7104B5E2C62439E00F87034 /* Sources */,
				C7104B5F2C62439E00F87034 /* Frameworks */,
				C7104B602C62439E00F87034 /* Resources */,
			);
			buildRules = (
			);
			dependencies = (
			);
			name = "Spar Intern Task";
			productName = "Spar Intern Task";
			productReference = C7104B622C62439E00F87034 /* Spar Intern Task.app */;
			productType = "com.apple.product-type.application";
		};
/* End PBXNativeTarget section */

/* Begin PBXProject section */
		C7104B5A2C62439E00F87034 /* Project object */ = {
			isa = PBXProject;
			attributes = {
				BuildIndependentTargetsInParallel = 1;
				LastSwiftUpdateCheck = 1530;
				LastUpgradeCheck = 1530;
				TargetAttributes = {
					C7104B612C62439E00F87034 = {
						CreatedOnToolsVersion = 15.3;
					};
				};
			};
			buildConfigurationList = C7104B5D2C62439E00F87034 /* Build configuration list for PBXProject "Spar Intern Task" */;
			compatibilityVersion = "Xcode 14.0";
			developmentRegion = en;
			hasScannedForEncodings = 0;
			knownRegions = (
				en,
				Base,
			);
			mainGroup = C7104B592C62439E00F87034;
			productRefGroup = C7104B632C62439E00F87034 /* Products */;
			projectDirPath = "";
			projectRoot = "";
			targets = (
				C7104B612C62439E00F87034 /* Spar Intern Task */,
			);
		};
/* End PBXProject section */

/* Begin PBXResourcesBuildPhase section */
		C7104B602C62439E00F87034 /* Resources */ = {
			isa = PBXResourcesBuildPhase;
			buildActionMask = 2147483647;
			files = (
				C7104B6D2C6243A000F87034 /* Preview Assets.xcassets in Resources */,
				C7104B6A2C6243A000F87034 /* Assets.xcassets in Resources */,
			);
			runOnlyForDeploymentPostprocessing = 0;
		};
/* End PBXResourcesBuildPhase section */

/* Begin PBXSourcesBuildPhase section */
		C7104B5E2C62439E00F87034 /* Sources */ = {
			isa = PBXSourcesBuildPhase;
			buildActionMask = 2147483647;
			files = (
				C7104B8D2C641ADA00F87034 /* BadgeView.swift in Sources */,
				C7104B882C64004900F87034 /* CardImageView.swift in Sources */,
				C7104B802C63FD0900F87034 /* DescriptionView.swift in Sources */,
				C7104B912C6424AE00F87034 /* QuantityTypePickerView.swift in Sources */,
				C7104B842C63FE2500F87034 /* PriceView.swift in Sources */,
				C7104B7C2C63A92B00F87034 /* FoodCardView.swift in Sources */,
				C7104B822C63FDAD00F87034 /* ActionListView.swift in Sources */,
				C7104B682C62439F00F87034 /* ContentView.swift in Sources */,
				C7104B7E2C63FBF100F87034 /* RatingView.swift in Sources */,
				C7104B932C64278D00F87034 /* QuantityPickerView.swift in Sources */,
				C7104B862C63FF5C00F87034 /* AddToCartButtonView.swift in Sources */,
				C7104B792C63A37100F87034 /* FoodProduct.swift in Sources */,
				C7104B8A2C6400A400F87034 /* CardContentView.swift in Sources */,
				C7104B8F2C641B7600F87034 /* Badge.swift in Sources */,
				C7104B952C642E2F00F87034 /* QuantityType.swift in Sources */,
				C7104B662C62439F00F87034 /* Spar_Intern_TaskApp.swift in Sources */,
			);
			runOnlyForDeploymentPostprocessing = 0;
		};
/* End PBXSourcesBuildPhase section */

/* Begin XCBuildConfiguration section */
		C7104B6E2C6243A000F87034 /* Debug */ = {
			isa = XCBuildConfiguration;
			buildSettings = {
				ALWAYS_SEARCH_USER_PATHS = NO;
				ASSETCATALOG_COMPILER_GENERATE_SWIFT_ASSET_SYMBOL_EXTENSIONS = YES;
				CLANG_ANALYZER_NONNULL = YES;
				CLANG_ANALYZER_NUMBER_OBJECT_CONVERSION = YES_AGGRESSIVE;
				CLANG_CXX_LANGUAGE_STANDARD = "gnu++20";
				CLANG_ENABLE_MODULES = YES;
				CLANG_ENABLE_OBJC_ARC = YES;
				CLANG_ENABLE_OBJC_WEAK = YES;
				CLANG_WARN_BLOCK_CAPTURE_AUTORELEASING = YES;
				CLANG_WARN_BOOL_CONVERSION = YES;
				CLANG_WARN_COMMA = YES;
				CLANG_WARN_CONSTANT_CONVERSION = YES;
				CLANG_WARN_DEPRECATED_OBJC_IMPLEMENTATIONS = YES;
				CLANG_WARN_DIRECT_OBJC_ISA_USAGE = YES_ERROR;
				CLANG_WARN_DOCUMENTATION_COMMENTS = YES;
				CLANG_WARN_EMPTY_BODY = YES;
				CLANG_WARN_ENUM_CONVERSION = YES;
				CLANG_WARN_INFINITE_RECURSION = YES;
				CLANG_WARN_INT_CONVERSION = YES;
				CLANG_WARN_NON_LITERAL_NULL_CONVERSION = YES;
				CLANG_WARN_OBJC_IMPLICIT_RETAIN_SELF = YES;
				CLANG_WARN_OBJC_LITERAL_CONVERSION = YES;
				CLANG_WARN_OBJC_ROOT_CLASS = YES_ERROR;
				CLANG_WARN_QUOTED_INCLUDE_IN_FRAMEWORK_HEADER = YES;
				CLANG_WARN_RANGE_LOOP_ANALYSIS = YES;
				CLANG_WARN_STRICT_PROTOTYPES = YES;
				CLANG_WARN_SUSPICIOUS_MOVE = YES;
				CLANG_WARN_UNGUARDED_AVAILABILITY = YES_AGGRESSIVE;
				CLANG_WARN_UNREACHABLE_CODE = YES;
				CLANG_WARN__DUPLICATE_METHOD_MATCH = YES;
				COPY_PHASE_STRIP = NO;
				DEBUG_INFORMATION_FORMAT = dwarf;
				ENABLE_STRICT_OBJC_MSGSEND = YES;
				ENABLE_TESTABILITY = YES;
				ENABLE_USER_SCRIPT_SANDBOXING = YES;
				GCC_C_LANGUAGE_STANDARD = gnu17;
				GCC_DYNAMIC_NO_PIC = NO;
				GCC_NO_COMMON_BLOCKS = YES;
				GCC_OPTIMIZATION_LEVEL = 0;
				GCC_PREPROCESSOR_DEFINITIONS = (
					"DEBUG=1",
					"$(inherited)",
				);
				GCC_WARN_64_TO_32_BIT_CONVERSION = YES;
				GCC_WARN_ABOUT_RETURN_TYPE = YES_ERROR;
				GCC_WARN_UNDECLARED_SELECTOR = YES;
				GCC_WARN_UNINITIALIZED_AUTOS = YES_AGGRESSIVE;
				GCC_WARN_UNUSED_FUNCTION = YES;
				GCC_WARN_UNUSED_VARIABLE = YES;
				IPHONEOS_DEPLOYMENT_TARGET = 17.4;
				LOCALIZATION_PREFERS_STRING_CATALOGS = YES;
				MTL_ENABLE_DEBUG_INFO = INCLUDE_SOURCE;
				MTL_FAST_MATH = YES;
				ONLY_ACTIVE_ARCH = YES;
				SDKROOT = iphoneos;
				SWIFT_ACTIVE_COMPILATION_CONDITIONS = "DEBUG $(inherited)";
				SWIFT_OPTIMIZATION_LEVEL = "-Onone";
			};
			name = Debug;
		};
		C7104B6F2C6243A000F87034 /* Release */ = {
			isa = XCBuildConfiguration;
			buildSettings = {
				ALWAYS_SEARCH_USER_PATHS = NO;
				ASSETCATALOG_COMPILER_GENERATE_SWIFT_ASSET_SYMBOL_EXTENSIONS = YES;
				CLANG_ANALYZER_NONNULL = YES;
				CLANG_ANALYZER_NUMBER_OBJECT_CONVERSION = YES_AGGRESSIVE;
				CLANG_CXX_LANGUAGE_STANDARD = "gnu++20";
				CLANG_ENABLE_MODULES = YES;
				CLANG_ENABLE_OBJC_ARC = YES;
				CLANG_ENABLE_OBJC_WEAK = YES;
				CLANG_WARN_BLOCK_CAPTURE_AUTORELEASING = YES;
				CLANG_WARN_BOOL_CONVERSION = YES;
				CLANG_WARN_COMMA = YES;
				CLANG_WARN_CONSTANT_CONVERSION = YES;
				CLANG_WARN_DEPRECATED_OBJC_IMPLEMENTATIONS = YES;
				CLANG_WARN_DIRECT_OBJC_ISA_USAGE = YES_ERROR;
				CLANG_WARN_DOCUMENTATION_COMMENTS = YES;
				CLANG_WARN_EMPTY_BODY = YES;
				CLANG_WARN_ENUM_CONVERSION = YES;
				CLANG_WARN_INFINITE_RECURSION = YES;
				CLANG_WARN_INT_CONVERSION = YES;
				CLANG_WARN_NON_LITERAL_NULL_CONVERSION = YES;
				CLANG_WARN_OBJC_IMPLICIT_RETAIN_SELF = YES;
				CLANG_WARN_OBJC_LITERAL_CONVERSION = YES;
				CLANG_WARN_OBJC_ROOT_CLASS = YES_ERROR;
				CLANG_WARN_QUOTED_INCLUDE_IN_FRAMEWORK_HEADER = YES;
				CLANG_WARN_RANGE_LOOP_ANALYSIS = YES;
				CLANG_WARN_STRICT_PROTOTYPES = YES;
				CLANG_WARN_SUSPICIOUS_MOVE = YES;
				CLANG_WARN_UNGUARDED_AVAILABILITY = YES_AGGRESSIVE;
				CLANG_WARN_UNREACHABLE_CODE = YES;
				CLANG_WARN__DUPLICATE_METHOD_MATCH = YES;
				COPY_PHASE_STRIP = NO;
				DEBUG_INFORMATION_FORMAT = "dwarf-with-dsym";
				ENABLE_NS_ASSERTIONS = NO;
				ENABLE_STRICT_OBJC_MSGSEND = YES;
				ENABLE_USER_SCRIPT_SANDBOXING = YES;
				GCC_C_LANGUAGE_STANDARD = gnu17;
				GCC_NO_COMMON_BLOCKS = YES;
				GCC_WARN_64_TO_32_BIT_CONVERSION = YES;
				GCC_WARN_ABOUT_RETURN_TYPE = YES_ERROR;
				GCC_WARN_UNDECLARED_SELECTOR = YES;
				GCC_WARN_UNINITIALIZED_AUTOS = YES_AGGRESSIVE;
				GCC_WARN_UNUSED_FUNCTION = YES;
				GCC_WARN_UNUSED_VARIABLE = YES;
				IPHONEOS_DEPLOYMENT_TARGET = 17.4;
				LOCALIZATION_PREFERS_STRING_CATALOGS = YES;
				MTL_ENABLE_DEBUG_INFO = NO;
				MTL_FAST_MATH = YES;
				SDKROOT = iphoneos;
				SWIFT_COMPILATION_MODE = wholemodule;
				VALIDATE_PRODUCT = YES;
			};
			name = Release;
		};
		C7104B712C6243A000F87034 /* Debug */ = {
			isa = XCBuildConfiguration;
			buildSettings = {
				ASSETCATALOG_COMPILER_APPICON_NAME = AppIcon;
				ASSETCATALOG_COMPILER_GLOBAL_ACCENT_COLOR_NAME = AccentColor;
				CODE_SIGN_STYLE = Automatic;
				CURRENT_PROJECT_VERSION = 1;
				DEVELOPMENT_ASSET_PATHS = "\"Spar Intern Task/Preview Content\"";
				DEVELOPMENT_TEAM = 63U36WDKYR;
				ENABLE_PREVIEWS = YES;
				GENERATE_INFOPLIST_FILE = YES;
				INFOPLIST_KEY_UIApplicationSceneManifest_Generation = YES;
				INFOPLIST_KEY_UIApplicationSupportsIndirectInputEvents = YES;
				INFOPLIST_KEY_UILaunchScreen_Generation = YES;
				INFOPLIST_KEY_UISupportedInterfaceOrientations_iPad = "UIInterfaceOrientationPortrait UIInterfaceOrientationPortraitUpsideDown UIInterfaceOrientationLandscapeLeft UIInterfaceOrientationLandscapeRight";
				INFOPLIST_KEY_UISupportedInterfaceOrientations_iPhone = "UIInterfaceOrientationPortrait UIInterfaceOrientationLandscapeLeft UIInterfaceOrientationLandscapeRight";
				LD_RUNPATH_SEARCH_PATHS = (
					"$(inherited)",
					"@executable_path/Frameworks",
				);
				MARKETING_VERSION = 1.0;
				PRODUCT_BUNDLE_IDENTIFIER = "Anastasiia.Spar-Intern-Task";
				PRODUCT_NAME = "$(TARGET_NAME)";
				SWIFT_EMIT_LOC_STRINGS = YES;
				SWIFT_VERSION = 5.0;
				TARGETED_DEVICE_FAMILY = "1,2";
			};
			name = Debug;
		};
		C7104B722C6243A000F87034 /* Release */ = {
			isa = XCBuildConfiguration;
			buildSettings = {
				ASSETCATALOG_COMPILER_APPICON_NAME = AppIcon;
				ASSETCATALOG_COMPILER_GLOBAL_ACCENT_COLOR_NAME = AccentColor;
				CODE_SIGN_STYLE = Automatic;
				CURRENT_PROJECT_VERSION = 1;
				DEVELOPMENT_ASSET_PATHS = "\"Spar Intern Task/Preview Content\"";
				DEVELOPMENT_TEAM = 63U36WDKYR;
				ENABLE_PREVIEWS = YES;
				GENERATE_INFOPLIST_FILE = YES;
				INFOPLIST_KEY_UIApplicationSceneManifest_Generation = YES;
				INFOPLIST_KEY_UIApplicationSupportsIndirectInputEvents = YES;
				INFOPLIST_KEY_UILaunchScreen_Generation = YES;
				INFOPLIST_KEY_UISupportedInterfaceOrientations_iPad = "UIInterfaceOrientationPortrait UIInterfaceOrientationPortraitUpsideDown UIInterfaceOrientationLandscapeLeft UIInterfaceOrientationLandscapeRight";
				INFOPLIST_KEY_UISupportedInterfaceOrientations_iPhone = "UIInterfaceOrientationPortrait UIInterfaceOrientationLandscapeLeft UIInterfaceOrientationLandscapeRight";
				LD_RUNPATH_SEARCH_PATHS = (
					"$(inherited)",
					"@executable_path/Frameworks",
				);
				MARKETING_VERSION = 1.0;
				PRODUCT_BUNDLE_IDENTIFIER = "Anastasiia.Spar-Intern-Task";
				PRODUCT_NAME = "$(TARGET_NAME)";
				SWIFT_EMIT_LOC_STRINGS = YES;
				SWIFT_VERSION = 5.0;
				TARGETED_DEVICE_FAMILY = "1,2";
			};
			name = Release;
		};
/* End XCBuildConfiguration section */

/* Begin XCConfigurationList section */
		C7104B5D2C62439E00F87034 /* Build configuration list for PBXProject "Spar Intern Task" */ = {
			isa = XCConfigurationList;
			buildConfigurations = (
				C7104B6E2C6243A000F87034 /* Debug */,
				C7104B6F2C6243A000F87034 /* Release */,
			);
			defaultConfigurationIsVisible = 0;
			defaultConfigurationName = Release;
		};
		C7104B702C6243A000F87034 /* Build configuration list for PBXNativeTarget "Spar Intern Task" */ = {
			isa = XCConfigurationList;
			buildConfigurations = (
				C7104B712C6243A000F87034 /* Debug */,
				C7104B722C6243A000F87034 /* Release */,
			);
			defaultConfigurationIsVisible = 0;
			defaultConfigurationName = Release;
		};
/* End XCConfigurationList section */
	};
	rootObject = C7104B5A2C62439E00F87034 /* Project object */;
}
